// !$*UTF8*$!
{
	archiveVersion = 1;
	classes = {
	};
	objectVersion = 46;
	objects = {

/* Begin PBXBuildFile section */
		335AC159A22890DF3B191DD3 /* Pods_MovieViewer.framework in Frameworks */ = {isa = PBXBuildFile; fileRef = DA22B94FDF168EDC235D8DE6 /* Pods_MovieViewer.framework */; };
		CF4A8E2A1D11F02800017D21 /* AppDelegate.swift in Sources */ = {isa = PBXBuildFile; fileRef = CF4A8E291D11F02800017D21 /* AppDelegate.swift */; };
		CF4A8E2F1D11F02800017D21 /* Main.storyboard in Resources */ = {isa = PBXBuildFile; fileRef = CF4A8E2D1D11F02800017D21 /* Main.storyboard */; };
		CF4A8E311D11F02800017D21 /* Assets.xcassets in Resources */ = {isa = PBXBuildFile; fileRef = CF4A8E301D11F02800017D21 /* Assets.xcassets */; };
		CF4A8E341D11F02800017D21 /* LaunchScreen.storyboard in Resources */ = {isa = PBXBuildFile; fileRef = CF4A8E321D11F02800017D21 /* LaunchScreen.storyboard */; };
		CF4A8E3C1D11F09400017D21 /* MoviesViewController.swift in Sources */ = {isa = PBXBuildFile; fileRef = CF4A8E3B1D11F09400017D21 /* MoviesViewController.swift */; };
		CF4A8E3F1D11F96F00017D21 /* MovieCell.swift in Sources */ = {isa = PBXBuildFile; fileRef = CF4A8E3E1D11F96F00017D21 /* MovieCell.swift */; };
		CF9FFF2E1D120B3D00C54CF2 /* networkErrorIcon.png in Resources */ = {isa = PBXBuildFile; fileRef = CF9FFF2D1D120B3D00C54CF2 /* networkErrorIcon.png */; };
/* End PBXBuildFile section */

/* Begin PBXFileReference section */
		15862E0A82F523B594793656 /* Pods-MovieViewer.debug.xcconfig */ = {isa = PBXFileReference; includeInIndex = 1; lastKnownFileType = text.xcconfig; name = "Pods-MovieViewer.debug.xcconfig"; path = "Pods/Target Support Files/Pods-MovieViewer/Pods-MovieViewer.debug.xcconfig"; sourceTree = "<group>"; };
		37FC9D5E35BD596A8344FD26 /* Pods-MovieViewer.release.xcconfig */ = {isa = PBXFileReference; includeInIndex = 1; lastKnownFileType = text.xcconfig; name = "Pods-MovieViewer.release.xcconfig"; path = "Pods/Target Support Files/Pods-MovieViewer/Pods-MovieViewer.release.xcconfig"; sourceTree = "<group>"; };
		CF4A8E261D11F02800017D21 /* MovieViewer.app */ = {isa = PBXFileReference; explicitFileType = wrapper.application; includeInIndex = 0; path = MovieViewer.app; sourceTree = BUILT_PRODUCTS_DIR; };
		CF4A8E291D11F02800017D21 /* AppDelegate.swift */ = {isa = PBXFileReference; lastKnownFileType = sourcecode.swift; path = AppDelegate.swift; sourceTree = "<group>"; };
		CF4A8E2E1D11F02800017D21 /* Base */ = {isa = PBXFileReference; lastKnownFileType = file.storyboard; name = Base; path = Base.lproj/Main.storyboard; sourceTree = "<group>"; };
		CF4A8E301D11F02800017D21 /* Assets.xcassets */ = {isa = PBXFileReference; lastKnownFileType = folder.assetcatalog; path = Assets.xcassets; sourceTree = "<group>"; };
		CF4A8E331D11F02800017D21 /* Base */ = {isa = PBXFileReference; lastKnownFileType = file.storyboard; name = Base; path = Base.lproj/LaunchScreen.storyboard; sourceTree = "<group>"; };
		CF4A8E351D11F02800017D21 /* Info.plist */ = {isa = PBXFileReference; lastKnownFileType = text.plist.xml; path = Info.plist; sourceTree = "<group>"; };
		CF4A8E3B1D11F09400017D21 /* MoviesViewController.swift */ = {isa = PBXFileReference; fileEncoding = 4; lastKnownFileType = sourcecode.swift; name = MoviesViewController.swift; path = ../MoviesViewController.swift; sourceTree = "<group>"; };
		CF4A8E3E1D11F96F00017D21 /* MovieCell.swift */ = {isa = PBXFileReference; fileEncoding = 4; lastKnownFileType = sourcecode.swift; path = MovieCell.swift; sourceTree = "<group>"; };
		CF9FFF2D1D120B3D00C54CF2 /* networkErrorIcon.png */ = {isa = PBXFileReference; lastKnownFileType = image.png; path = networkErrorIcon.png; sourceTree = "<group>"; };
		DA22B94FDF168EDC235D8DE6 /* Pods_MovieViewer.framework */ = {isa = PBXFileReference; explicitFileType = wrapper.framework; includeInIndex = 0; path = Pods_MovieViewer.framework; sourceTree = BUILT_PRODUCTS_DIR; };
/* End PBXFileReference section */

/* Begin PBXFrameworksBuildPhase section */
		CF4A8E231D11F02800017D21 /* Frameworks */ = {
			isa = PBXFrameworksBuildPhase;
			buildActionMask = 2147483647;
			files = (
				335AC159A22890DF3B191DD3 /* Pods_MovieViewer.framework in Frameworks */,
			);
			runOnlyForDeploymentPostprocessing = 0;
		};
/* End PBXFrameworksBuildPhase section */

/* Begin PBXGroup section */
		9B0438A8CB544AA2440DD4B4 /* Frameworks */ = {
			isa = PBXGroup;
			children = (
				DA22B94FDF168EDC235D8DE6 /* Pods_MovieViewer.framework */,
			);
			name = Frameworks;
			sourceTree = "<group>";
		};
		CF4A8E1D1D11F02800017D21 = {
			isa = PBXGroup;
			children = (
				CF4A8E281D11F02800017D21 /* MovieViewer */,
				CF4A8E271D11F02800017D21 /* Products */,
				F6C693431A12E6EE6D4B4F52 /* Pods */,
				9B0438A8CB544AA2440DD4B4 /* Frameworks */,
			);
			sourceTree = "<group>";
		};
		CF4A8E271D11F02800017D21 /* Products */ = {
			isa = PBXGroup;
			children = (
				CF4A8E261D11F02800017D21 /* MovieViewer.app */,
			);
			name = Products;
			sourceTree = "<group>";
		};
		CF4A8E281D11F02800017D21 /* MovieViewer */ = {
			isa = PBXGroup;
			children = (
				CF9FFF2C1D120B2900C54CF2 /* Images */,
				CF4A8E401D11F97B00017D21 /* View Controllers */,
				CF4A8E3D1D11F93900017D21 /* Views */,
				CF4A8E291D11F02800017D21 /* AppDelegate.swift */,
				CF4A8E2D1D11F02800017D21 /* Main.storyboard */,
				CF4A8E301D11F02800017D21 /* Assets.xcassets */,
				CF4A8E321D11F02800017D21 /* LaunchScreen.storyboard */,
				CF4A8E351D11F02800017D21 /* Info.plist */,
			);
			path = MovieViewer;
			sourceTree = "<group>";
		};
		CF4A8E3D1D11F93900017D21 /* Views */ = {
			isa = PBXGroup;
			children = (
				CF4A8E3E1D11F96F00017D21 /* MovieCell.swift */,
			);
			name = Views;
			sourceTree = "<group>";
		};
		CF4A8E401D11F97B00017D21 /* View Controllers */ = {
			isa = PBXGroup;
			children = (
				CF4A8E3B1D11F09400017D21 /* MoviesViewController.swift */,
			);
			name = "View Controllers";
			sourceTree = "<group>";
		};
		CF9FFF2C1D120B2900C54CF2 /* Images */ = {
			isa = PBXGroup;
			children = (
				CF9FFF2D1D120B3D00C54CF2 /* networkErrorIcon.png */,
			);
			name = Images;
			sourceTree = "<group>";
		};
		F6C693431A12E6EE6D4B4F52 /* Pods */ = {
			isa = PBXGroup;
			children = (
				15862E0A82F523B594793656 /* Pods-MovieViewer.debug.xcconfig */,
				37FC9D5E35BD596A8344FD26 /* Pods-MovieViewer.release.xcconfig */,
			);
			name = Pods;
			sourceTree = "<group>";
		};
/* End PBXGroup section */

/* Begin PBXNativeTarget section */
		CF4A8E251D11F02800017D21 /* MovieViewer */ = {
			isa = PBXNativeTarget;
			buildConfigurationList = CF4A8E381D11F02800017D21 /* Build configuration list for PBXNativeTarget "MovieViewer" */;
			buildPhases = (
				831B571EF091998A690EC775 /* [CP] Check Pods Manifest.lock */,
				CF4A8E221D11F02800017D21 /* Sources */,
				CF4A8E231D11F02800017D21 /* Frameworks */,
				CF4A8E241D11F02800017D21 /* Resources */,
				97D1AA0ABBAB57FB47768176 /* [CP] Embed Pods Frameworks */,
				1F1A2A644A0A9D7F2E9FF505 /* [CP] Copy Pods Resources */,
			);
			buildRules = (
			);
			dependencies = (
			);
			name = MovieViewer;
			productName = MovieViewer;
			productReference = CF4A8E261D11F02800017D21 /* MovieViewer.app */;
			productType = "com.apple.product-type.application";
		};
/* End PBXNativeTarget section */

/* Begin PBXProject section */
		CF4A8E1E1D11F02800017D21 /* Project object */ = {
			isa = PBXProject;
			attributes = {
				LastSwiftUpdateCheck = 0730;
				LastUpgradeCheck = 0730;
				ORGANIZATIONNAME = "Alexander Strandberg";
				TargetAttributes = {
					CF4A8E251D11F02800017D21 = {
						CreatedOnToolsVersion = 7.3.1;
					};
				};
			};
			buildConfigurationList = CF4A8E211D11F02800017D21 /* Build configuration list for PBXProject "MovieViewer" */;
			compatibilityVersion = "Xcode 3.2";
			developmentRegion = English;
			hasScannedForEncodings = 0;
			knownRegions = (
				en,
				Base,
			);
			mainGroup = CF4A8E1D1D11F02800017D21;
			productRefGroup = CF4A8E271D11F02800017D21 /* Products */;
			projectDirPath = "";
			projectRoot = "";
			targets = (
				CF4A8E251D11F02800017D21 /* MovieViewer */,
			);
		};
/* End PBXProject section */

/* Begin PBXResourcesBuildPhase section */
		CF4A8E241D11F02800017D21 /* Resources */ = {
			isa = PBXResourcesBuildPhase;
			buildActionMask = 2147483647;
			files = (
				CF9FFF2E1D120B3D00C54CF2 /* networkErrorIcon.png in Resources */,
				CF4A8E341D11F02800017D21 /* LaunchScreen.storyboard in Resources */,
				CF4A8E311D11F02800017D21 /* Assets.xcassets in Resources */,
				CF4A8E2F1D11F02800017D21 /* Main.storyboard in Resources */,
			);
			runOnlyForDeploymentPostprocessing = 0;
		};
/* End PBXResourcesBuildPhase section */

/* Begin PBXShellScriptBuildPhase section */
		1F1A2A644A0A9D7F2E9FF505 /* [CP] Copy Pods Resources */ = {
			isa = PBXShellScriptBuildPhase;
			buildActionMask = 2147483647;
			files = (
			);
			inputPaths = (
			);
			name = "[CP] Copy Pods Resources";
			outputPaths = (
			);
			runOnlyForDeploymentPostprocessing = 0;
			shellPath = /bin/sh;
			shellScript = "\"${SRCROOT}/Pods/Target Support Files/Pods-MovieViewer/Pods-MovieViewer-resources.sh\"\n";
			showEnvVarsInLog = 0;
		};
		831B571EF091998A690EC775 /* [CP] Check Pods Manifest.lock */ = {
			isa = PBXShellScriptBuildPhase;
			buildActionMask = 2147483647;
			files = (
			);
			inputPaths = (
			);
			name = "[CP] Check Pods Manifest.lock";
			outputPaths = (
			);
			runOnlyForDeploymentPostprocessing = 0;
			shellPath = /bin/sh;
			shellScript = "diff \"${PODS_ROOT}/../Podfile.lock\" \"${PODS_ROOT}/Manifest.lock\" > /dev/null\nif [[ $? != 0 ]] ; then\n    cat << EOM\nerror: The sandbox is not in sync with the Podfile.lock. Run 'pod install' or update your CocoaPods installation.\nEOM\n    exit 1\nfi\n";
			showEnvVarsInLog = 0;
		};
		97D1AA0ABBAB57FB47768176 /* [CP] Embed Pods Frameworks */ = {
			isa = PBXShellScriptBuildPhase;
			buildActionMask = 2147483647;
			files = (
			);
			inputPaths = (
			);
			name = "[CP] Embed Pods Frameworks";
			outputPaths = (
			);
			runOnlyForDeploymentPostprocessing = 0;
			shellPath = /bin/sh;
			shellScript = "\"${SRCROOT}/Pods/Target Support Files/Pods-MovieViewer/Pods-MovieViewer-frameworks.sh\"\n";
			showEnvVarsInLog = 0;
		};
/* End PBXShellScriptBuildPhase section */

/* Begin PBXSourcesBuildPhase section */
		CF4A8E221D11F02800017D21 /* Sources */ = {
			isa = PBXSourcesBuildPhase;
			buildActionMask = 2147483647;
			files = (
				CF4A8E2A1D11F02800017D21 /* AppDelegate.swift in Sources */,
				CF4A8E3C1D11F09400017D21 /* MoviesViewController.swift in Sources */,
				CF4A8E3F1D11F96F00017D21 /* MovieCell.swift in Sources */,
			);
			runOnlyForDeploymentPostprocessing = 0;
		};
/* End PBXSourcesBuildPhase section */

/* Begin PBXVariantGroup section */
		CF4A8E2D1D11F02800017D21 /* Main.storyboard */ = {
			isa = PBXVariantGroup;
			children = (
				CF4A8E2E1D11F02800017D21 /* Base */,
			);
			name = Main.storyboard;
			sourceTree = "<group>";
		};
		CF4A8E321D11F02800017D21 /* LaunchScreen.storyboard */ = {
			isa = PBXVariantGroup;
			children = (
				CF4A8E331D11F02800017D21 /* Base */,
			);
			name = LaunchScreen.storyboard;
			sourceTree = "<group>";
		};
/* End PBXVariantGroup section */

/* Begin XCBuildConfiguration section */
		CF4A8E361D11F02800017D21 /* Debug */ = {
			isa = XCBuildConfiguration;
			buildSettings = {
				ALWAYS_SEARCH_USER_PATHS = NO;
				CLANG_ANALYZER_NONNULL = YES;
				CLANG_CXX_LANGUAGE_STANDARD = "gnu++0x";
				CLANG_CXX_LIBRARY = "libc++";
				CLANG_ENABLE_MODULES = YES;
				CLANG_ENABLE_OBJC_ARC = YES;
				CLANG_WARN_BOOL_CONVERSION = YES;
				CLANG_WARN_CONSTANT_CONVERSION = YES;
				CLANG_WARN_DIRECT_OBJC_ISA_USAGE = YES_ERROR;
				CLANG_WARN_EMPTY_BODY = YES;
				CLANG_WARN_ENUM_CONVERSION = YES;
				CLANG_WARN_INT_CONVERSION = YES;
				CLANG_WARN_OBJC_ROOT_CLASS = YES_ERROR;
				CLANG_WARN_UNREACHABLE_CODE = YES;
				CLANG_WARN__DUPLICATE_METHOD_MATCH = YES;
				"CODE_SIGN_IDENTITY[sdk=iphoneos*]" = "iPhone Developer";
				COPY_PHASE_STRIP = NO;
				DEBUG_INFORMATION_FORMAT = dwarf;
				ENABLE_STRICT_OBJC_MSGSEND = YES;
				ENABLE_TESTABILITY = YES;
				GCC_C_LANGUAGE_STANDARD = gnu99;
				GCC_DYNAMIC_NO_PIC = NO;
				GCC_NO_COMMON_BLOCKS = YES;
				GCC_OPTIMIZATION_LEVEL = 0;
				GCC_PREPROCESSOR_DEFINITIONS = (
					"DEBUG=1",
					"$(inherited)",
				);
				GCC_WARN_64_TO_32_BIT_CONVERSION = YES;
				GCC_WARN_ABOUT_RETURN_TYPE = YES_ERROR;
				GCC_WARN_UNDECLARED_SELECTOR = YES;
				GCC_WARN_UNINITIALIZED_AUTOS = YES_AGGRESSIVE;
				GCC_WARN_UNUSED_FUNCTION = YES;
				GCC_WARN_UNUSED_VARIABLE = YES;
				IPHONEOS_DEPLOYMENT_TARGET = 9.3;
				MTL_ENABLE_DEBUG_INFO = YES;
				ONLY_ACTIVE_ARCH = YES;
				SDKROOT = iphoneos;
				SWIFT_OPTIMIZATION_LEVEL = "-Onone";
				TARGETED_DEVICE_FAMILY = "1,2";
			};
			name = Debug;
		};
		CF4A8E371D11F02800017D21 /* Release */ = {
			isa = XCBuildConfiguration;
			buildSettings = {
				ALWAYS_SEARCH_USER_PATHS = NO;
				CLANG_ANALYZER_NONNULL = YES;
				CLANG_CXX_LANGUAGE_STANDARD = "gnu++0x";
				CLANG_CXX_LIBRARY = "libc++";
				CLANG_ENABLE_MODULES = YES;
				CLANG_ENABLE_OBJC_ARC = YES;
				CLANG_WARN_BOOL_CONVERSION = YES;
				CLANG_WARN_CONSTANT_CONVERSION = YES;
				CLANG_WARN_DIRECT_OBJC_ISA_USAGE = YES_ERROR;
				CLANG_WARN_EMPTY_BODY = YES;
				CLANG_WARN_ENUM_CONVERSION = YES;
				CLANG_WARN_INT_CONVERSION = YES;
				CLANG_WARN_OBJC_ROOT_CLASS = YES_ERROR;
				CLANG_WARN_UNREACHABLE_CODE = YES;
				CLANG_WARN__DUPLICATE_METHOD_MATCH = YES;
				"CODE_SIGN_IDENTITY[sdk=iphoneos*]" = "iPhone Developer";
				COPY_PHASE_STRIP = NO;
				DEBUG_INFORMATION_FORMAT = "dwarf-with-dsym";
				ENABLE_NS_ASSERTIONS = NO;
				ENABLE_STRICT_OBJC_MSGSEND = YES;
				GCC_C_LANGUAGE_STANDARD = gnu99;
				GCC_NO_COMMON_BLOCKS = YES;
				GCC_WARN_64_TO_32_BIT_CONVERSION = YES;
				GCC_WARN_ABOUT_RETURN_TYPE = YES_ERROR;
				GCC_WARN_UNDECLARED_SELECTOR = YES;
				GCC_WARN_UNINITIALIZED_AUTOS = YES_AGGRESSIVE;
				GCC_WARN_UNUSED_FUNCTION = YES;
				GCC_WARN_UNUSED_VARIABLE = YES;
				IPHONEOS_DEPLOYMENT_TARGET = 9.3;
				MTL_ENABLE_DEBUG_INFO = NO;
				SDKROOT = iphoneos;
				TARGETED_DEVICE_FAMILY = "1,2";
				VALIDATE_PRODUCT = YES;
			};
			name = Release;
		};
		CF4A8E391D11F02800017D21 /* Debug */ = {
			isa = XCBuildConfiguration;
			baseConfigurationReference = 15862E0A82F523B594793656 /* Pods-MovieViewer.debug.xcconfig */;
			buildSettings = {
				ASSETCATALOG_COMPILER_APPICON_NAME = AppIcon;
				INFOPLIST_FILE = MovieViewer/Info.plist;
				LD_RUNPATH_SEARCH_PATHS = "$(inherited) @executable_path/Frameworks";
				PRODUCT_BUNDLE_IDENTIFIER = com.codepath.MovieViewer;
				PRODUCT_NAME = "$(TARGET_NAME)";
			};
			name = Debug;
		};
		CF4A8E3A1D11F02800017D21 /* Release */ = {
			isa = XCBuildConfiguration;
			baseConfigurationReference = 37FC9D5E35BD596A8344FD26 /* Pods-MovieViewer.release.xcconfig */;
			buildSettings = {
				ASSETCATALOG_COMPILER_APPICON_NAME = AppIcon;
				INFOPLIST_FILE = MovieViewer/Info.plist;
				LD_RUNPATH_SEARCH_PATHS = "$(inherited) @executable_path/Frameworks";
				PRODUCT_BUNDLE_IDENTIFIER = com.codepath.MovieViewer;
				PRODUCT_NAME = "$(TARGET_NAME)";
			};
			name = Release;
		};
/* End XCBuildConfiguration section */

/* Begin XCConfigurationList section */
		CF4A8E211D11F02800017D21 /* Build configuration list for PBXProject "MovieViewer" */ = {
			isa = XCConfigurationList;
			buildConfigurations = (
				CF4A8E361D11F02800017D21 /* Debug */,
				CF4A8E371D11F02800017D21 /* Release */,
			);
			defaultConfigurationIsVisible = 0;
			defaultConfigurationName = Release;
		};
		CF4A8E381D11F02800017D21 /* Build configuration list for PBXNativeTarget "MovieViewer" */ = {
			isa = XCConfigurationList;
			buildConfigurations = (
				CF4A8E391D11F02800017D21 /* Debug */,
				CF4A8E3A1D11F02800017D21 /* Release */,
			);
			defaultConfigurationIsVisible = 0;
			defaultConfigurationName = Release;
		};
/* End XCConfigurationList section */
	};
	rootObject = CF4A8E1E1D11F02800017D21 /* Project object */;
}
